<?xml version="1.0" encoding="utf-8"?>
<Project ToolsVersion="4.0" xmlns="http://schemas.microsoft.com/developer/msbuild/2003">
  <ItemGroup>
    <Filter Include="Source Files">
      <UniqueIdentifier>{4FC737F1-C7A5-4376-A066-2A32D752A2FF}</UniqueIdentifier>
      <Extensions>cpp;c;cc;cxx;def;odl;idl;hpj;bat;asm;asmx</Extensions>
    </Filter>
    <Filter Include="Utils">
      <UniqueIdentifier>{77765cee-5577-457d-a2ac-a4e9c59d376c}</UniqueIdentifier>
    </Filter>
    <Filter Include="Interfaces">
      <UniqueIdentifier>{91159407-1769-4237-be5a-520aeaf6581a}</UniqueIdentifier>
    </Filter>
    <Filter Include="Base">
      <UniqueIdentifier>{30806152-1345-4a25-908e-f679b32b0141}</UniqueIdentifier>
    </Filter>
    <Filter Include="Crypto">
      <UniqueIdentifier>{f50a09e4-3936-4bf4-be87-2cccb7894261}</UniqueIdentifier>
    </Filter>
    <Filter Include="Checksum">
      <UniqueIdentifier>{1671435a-e4d2-403f-b9fe-02a01368fa24}</UniqueIdentifier>
    </Filter>
    <Filter Include="Tests">
      <UniqueIdentifier>{ef892216-feb3-40af-8b1d-ea5af30a24b2}</UniqueIdentifier>
    </Filter>
    <Filter Include="Hash32">
      <UniqueIdentifier>{4a94e360-1a05-4bb8-8e0f-3feb69136a8e}</UniqueIdentifier>
    </Filter>
    <Filter Include="Nullable">
      <UniqueIdentifier>{1677bcde-e0cd-4018-b855-03543f4ab9b5}</UniqueIdentifier>
    </Filter>
    <Filter Include="Hash64">
      <UniqueIdentifier>{8b084a38-9a4a-4907-b448-9964b26cede1}</UniqueIdentifier>
    </Filter>
    <Filter Include="KDF">
      <UniqueIdentifier>{48887203-0c1c-4c7d-8545-b8f81c86bb36}</UniqueIdentifier>
    </Filter>
    <Filter Include="Hash128">
      <UniqueIdentifier>{693be6f2-3997-44ea-ad15-72c689bb5b1e}</UniqueIdentifier>
    </Filter>
    <Filter Include="Interfaces\IBlake2SConfigurations">
      <UniqueIdentifier>{9a5e9ee2-8e90-48dd-a977-b6423760baf5}</UniqueIdentifier>
    </Filter>
    <Filter Include="Interfaces\IBlake2BConfigurations">
      <UniqueIdentifier>{f01553b4-c283-4780-ae2e-05e0bf66bd6d}</UniqueIdentifier>
    </Filter>
    <Filter Include="Crypto\Blake2SConfigurations">
      <UniqueIdentifier>{e95cdf6e-481b-416b-babd-ea6b4ca0ebec}</UniqueIdentifier>
    </Filter>
    <Filter Include="Crypto\Blake2BConfigurations">
      <UniqueIdentifier>{c5df94f2-c9a9-4061-957b-ac9ff73e0942}</UniqueIdentifier>
    </Filter>
    <Filter Include="NullDigest">
      <UniqueIdentifier>{a0d98111-8dd9-4ad3-bb9d-180f2f337ce8}</UniqueIdentifier>
    </Filter>
  </ItemGroup>
  <ItemGroup>
    <ClInclude Include="Utils\HlpHashLibTypes.h">
      <Filter>Utils</Filter>
    </ClInclude>
    <ClInclude Include="Utils\HlpBits.h">
      <Filter>Utils</Filter>
    </ClInclude>
    <ClInclude Include="Utils\HlpBitConverter.h">
      <Filter>Utils</Filter>
    </ClInclude>
    <ClInclude Include="Interfaces\HlpICRC.h">
      <Filter>Interfaces</Filter>
    </ClInclude>
    <ClInclude Include="Interfaces\HlpIHashResult.h">
      <Filter>Interfaces</Filter>
    </ClInclude>
    <ClInclude Include="Interfaces\HlpIHash.h">
      <Filter>Interfaces</Filter>
    </ClInclude>
    <ClInclude Include="Interfaces\HlpIHashInfo.h">
      <Filter>Interfaces</Filter>
    </ClInclude>
    <ClInclude Include="Interfaces\HlpIKDF.h">
      <Filter>Interfaces</Filter>
    </ClInclude>
    <ClInclude Include="Base\HlpConverters.h">
      <Filter>Base</Filter>
    </ClInclude>
    <ClInclude Include="Base\HlpHashBuffer.h">
      <Filter>Base</Filter>
    </ClInclude>
    <ClInclude Include="Base\HlpHashResult.h">
      <Filter>Base</Filter>
    </ClInclude>
    <ClInclude Include="Base\HlpHash.h">
      <Filter>Base</Filter>
    </ClInclude>
    <ClInclude Include="Base\HlpHashCryptoNotBuildIn.h">
      <Filter>Base</Filter>
    </ClInclude>
    <ClInclude Include="Crypto\HlpMDBase.h">
      <Filter>Crypto</Filter>
    </ClInclude>
    <ClInclude Include="Crypto\HlpMD5.h">
      <Filter>Crypto</Filter>
    </ClInclude>
    <ClInclude Include="Crypto\HlpMD4.h">
      <Filter>Crypto</Filter>
    </ClInclude>
    <ClInclude Include="Crypto\HlpMD2.h">
      <Filter>Crypto</Filter>
    </ClInclude>
    <ClInclude Include="Crypto\HlpSHA0.h">
      <Filter>Crypto</Filter>
    </ClInclude>
    <ClInclude Include="Crypto\HlpSHA1.h">
      <Filter>Crypto</Filter>
    </ClInclude>
    <ClInclude Include="Crypto\HlpRIPEMD.h">
      <Filter>Crypto</Filter>
    </ClInclude>
    <ClInclude Include="Crypto\HlpHAS160.h">
      <Filter>Crypto</Filter>
    </ClInclude>
    <ClInclude Include="Crypto\HlpSHA2_256Base.h">
      <Filter>Crypto</Filter>
    </ClInclude>
    <ClInclude Include="Crypto\HlpSHA2_256.h">
      <Filter>Crypto</Filter>
    </ClInclude>
    <ClInclude Include="Crypto\HlpSHA2_224.h">
      <Filter>Crypto</Filter>
    </ClInclude>
    <ClInclude Include="Crypto\HlpSHA2_512Base.h">
      <Filter>Crypto</Filter>
    </ClInclude>
    <ClInclude Include="Crypto\HlpSHA2_384.h">
      <Filter>Crypto</Filter>
    </ClInclude>
    <ClInclude Include="Crypto\HlpSHA2_512.h">
      <Filter>Crypto</Filter>
    </ClInclude>
    <ClInclude Include="Crypto\HlpSHA2_512_224.h">
      <Filter>Crypto</Filter>
    </ClInclude>
    <ClInclude Include="Crypto\HlpSHA2_512_256.h">
      <Filter>Crypto</Filter>
    </ClInclude>
    <ClInclude Include="Crypto\HlpGost.h">
      <Filter>Crypto</Filter>
    </ClInclude>
    <ClInclude Include="Crypto\HlpGrindahl256.h">
      <Filter>Crypto</Filter>
    </ClInclude>
    <ClInclude Include="Crypto\HlpGrindahl512.h">
      <Filter>Crypto</Filter>
    </ClInclude>
    <ClInclude Include="Crypto\HlpRIPEMD160.h">
      <Filter>Crypto</Filter>
    </ClInclude>
    <ClInclude Include="Crypto\HlpRIPEMD128.h">
      <Filter>Crypto</Filter>
    </ClInclude>
    <ClInclude Include="Crypto\HlpRIPEMD256.h">
      <Filter>Crypto</Filter>
    </ClInclude>
    <ClInclude Include="Crypto\HlpRIPEMD320.h">
      <Filter>Crypto</Filter>
    </ClInclude>
    <ClInclude Include="Crypto\HlpWhirlPool.h">
      <Filter>Crypto</Filter>
    </ClInclude>
    <ClInclude Include="Crypto\HlpPanama.h">
      <Filter>Crypto</Filter>
    </ClInclude>
    <ClInclude Include="Crypto\HlpRadioGatun32.h">
      <Filter>Crypto</Filter>
    </ClInclude>
    <ClInclude Include="Crypto\HlpRadioGatun64.h">
      <Filter>Crypto</Filter>
    </ClInclude>
    <ClInclude Include="Crypto\HlpSnefru.h">
      <Filter>Crypto</Filter>
    </ClInclude>
    <ClInclude Include="Crypto\HlpSHA3.h">
      <Filter>Crypto</Filter>
    </ClInclude>
    <ClInclude Include="Base\HlpHashSize.h">
      <Filter>Base</Filter>
    </ClInclude>
    <ClInclude Include="Base\HlpHashRounds.h">
      <Filter>Base</Filter>
    </ClInclude>
    <ClInclude Include="Crypto\HlpTiger.h">
      <Filter>Crypto</Filter>
    </ClInclude>
    <ClInclude Include="Crypto\HlpTiger2.h">
      <Filter>Crypto</Filter>
    </ClInclude>
    <ClInclude Include="Crypto\HlpHaval.h">
      <Filter>Crypto</Filter>
    </ClInclude>
    <ClInclude Include="Checksum\HlpAdler32.h">
      <Filter>Checksum</Filter>
    </ClInclude>
    <ClInclude Include="Checksum\HlpCRC.h">
      <Filter>Checksum</Filter>
    </ClInclude>
    <ClInclude Include="Checksum\HlpCRC16.h">
      <Filter>Checksum</Filter>
    </ClInclude>
    <ClInclude Include="Checksum\HlpCRC32.h">
      <Filter>Checksum</Filter>
    </ClInclude>
    <ClInclude Include="Checksum\HlpCRC64.h">
      <Filter>Checksum</Filter>
    </ClInclude>
    <ClInclude Include="Hash32\HlpAP.h">
      <Filter>Hash32</Filter>
    </ClInclude>
    <ClInclude Include="Hash32\HlpBernstein.h">
      <Filter>Hash32</Filter>
    </ClInclude>
    <ClInclude Include="Hash32\HlpDJB.h">
      <Filter>Hash32</Filter>
    </ClInclude>
    <ClInclude Include="Hash32\HlpBernstein1.h">
      <Filter>Hash32</Filter>
    </ClInclude>
    <ClInclude Include="Hash32\HlpELF.h">
      <Filter>Hash32</Filter>
    </ClInclude>
    <ClInclude Include="Hash32\HlpFNV.h">
      <Filter>Hash32</Filter>
    </ClInclude>
    <ClInclude Include="Hash32\HlpFNV1a.h">
      <Filter>Hash32</Filter>
    </ClInclude>
    <ClInclude Include="Hash32\HlpShiftAndXor.h">
      <Filter>Hash32</Filter>
    </ClInclude>
    <ClInclude Include="Hash32\HlpSDBM.h">
      <Filter>Hash32</Filter>
    </ClInclude>
    <ClInclude Include="Hash32\HlpRS.h">
      <Filter>Hash32</Filter>
    </ClInclude>
    <ClInclude Include="Hash32\HlpRotating.h">
      <Filter>Hash32</Filter>
    </ClInclude>
    <ClInclude Include="Hash32\HlpPJW.h">
      <Filter>Hash32</Filter>
    </ClInclude>
    <ClInclude Include="Hash32\HlpOneAtTime.h">
      <Filter>Hash32</Filter>
    </ClInclude>
    <ClInclude Include="Hash32\HlpJS.h">
      <Filter>Hash32</Filter>
    </ClInclude>
    <ClInclude Include="Hash32\HlpDEK.h">
      <Filter>Hash32</Filter>
    </ClInclude>
    <ClInclude Include="Nullable\HlpNullable.h">
      <Filter>Nullable</Filter>
    </ClInclude>
    <ClInclude Include="Base\HlpMultipleTransformNonBlock.h">
      <Filter>Base</Filter>
    </ClInclude>
    <ClInclude Include="Hash32\HlpJenkins3.h">
      <Filter>Hash32</Filter>
    </ClInclude>
    <ClInclude Include="Hash32\HlpMurmur2.h">
      <Filter>Hash32</Filter>
    </ClInclude>
    <ClInclude Include="Hash32\HlpMurmurHash3_x86_32.h">
      <Filter>Hash32</Filter>
    </ClInclude>
    <ClInclude Include="Hash32\HlpSuperFast.h">
      <Filter>Hash32</Filter>
    </ClInclude>
    <ClInclude Include="Hash32\HlpXXHash32.h">
      <Filter>Hash32</Filter>
    </ClInclude>
    <ClInclude Include="Hash64\HlpFNV1a64.h">
      <Filter>Hash64</Filter>
    </ClInclude>
    <ClInclude Include="Hash64\HlpFNV64.h">
      <Filter>Hash64</Filter>
    </ClInclude>
    <ClInclude Include="Hash64\HlpMurmur2_64.h">
      <Filter>Hash64</Filter>
    </ClInclude>
    <ClInclude Include="Hash64\HlpSipHash.h">
      <Filter>Hash64</Filter>
    </ClInclude>
    <ClInclude Include="Hash64\HlpXXHash64.h">
      <Filter>Hash64</Filter>
    </ClInclude>
    <ClInclude Include="KDF\HlpPBKDF2_HMACNotBuildInAdapter.h">
      <Filter>KDF</Filter>
    </ClInclude>
    <ClInclude Include="Hash32\HlpBKDR.h">
      <Filter>Hash32</Filter>
    </ClInclude>
    <ClInclude Include="Base\HlpKDF.h">
      <Filter>Base</Filter>
    </ClInclude>
    <ClInclude Include="Base\HlpHMACNotBuildInAdapter.h">
      <Filter>Base</Filter>
    </ClInclude>
    <ClInclude Include="Hash128\HlpMurmurHash3_x86_128.h">
      <Filter>Hash128</Filter>
    </ClInclude>
    <ClInclude Include="Hash128\HlpMurmurHash3_x64_128.h">
      <Filter>Hash128</Filter>
    </ClInclude>
    <ClInclude Include="Base\HlpHashFactory.h">
      <Filter>Base</Filter>
    </ClInclude>
    <ClInclude Include="Tests\TestConstants.h">
      <Filter>Tests</Filter>
    </ClInclude>
    <ClInclude Include="Tests\ChecksumTests.h">
      <Filter>Tests</Filter>
    </ClInclude>
    <ClInclude Include="Tests\CryptoTests.h">
      <Filter>Tests</Filter>
    </ClInclude>
    <ClInclude Include="Tests\Hash32Tests.h">
      <Filter>Tests</Filter>
    </ClInclude>
    <ClInclude Include="Tests\Hash64Tests.h">
      <Filter>Tests</Filter>
    </ClInclude>
    <ClInclude Include="Tests\Hash128Tests.h">
      <Filter>Tests</Filter>
    </ClInclude>
    <ClInclude Include="Tests\PBKDF2_HMACTests.h">
      <Filter>Tests</Filter>
    </ClInclude>
    <ClInclude Include="Utils\HlpUtils.h">
      <Filter>Utils</Filter>
    </ClInclude>
    <ClInclude Include="Crypto\HlpGOST3411_2012.h">
      <Filter>Crypto</Filter>
    </ClInclude>
    <ClInclude Include="Interfaces\IBlake2SConfigurations\HlpIBlake2STreeConfig.h">
      <Filter>Interfaces\IBlake2BConfigurations</Filter>
    </ClInclude>
    <ClInclude Include="Interfaces\IBlake2SConfigurations\HlpIBlake2SConfig.h">
      <Filter>Interfaces\IBlake2BConfigurations</Filter>
    </ClInclude>
    <ClInclude Include="Crypto\Blake2SConfigurations\HlpBlake2SConfig.h">
      <Filter>Crypto\Blake2SConfigurations</Filter>
    </ClInclude>
    <ClInclude Include="Crypto\Blake2SConfigurations\HlpBlake2STreeConfig.h">
      <Filter>Crypto\Blake2SConfigurations</Filter>
    </ClInclude>
    <ClInclude Include="Crypto\Blake2SConfigurations\HlpBlake2SIvBuilder.h">
      <Filter>Crypto\Blake2SConfigurations</Filter>
    </ClInclude>
    <ClInclude Include="Crypto\HlpBlake2S.h">
      <Filter>Crypto</Filter>
    </ClInclude>
    <ClInclude Include="Interfaces\IBlake2BConfigurations\HlpIBlake2BConfig.h">
      <Filter>Interfaces\IBlake2SConfigurations</Filter>
    </ClInclude>
    <ClInclude Include="Interfaces\IBlake2BConfigurations\HlpIBlake2BTreeConfig.h">
      <Filter>Interfaces\IBlake2SConfigurations</Filter>
    </ClInclude>
    <ClInclude Include="Crypto\Blake2BConfigurations\HlpBlake2BConfig.h">
      <Filter>Crypto\Blake2BConfigurations</Filter>
    </ClInclude>
    <ClInclude Include="Crypto\Blake2BConfigurations\HlpBlake2BTreeConfig.h">
      <Filter>Crypto\Blake2BConfigurations</Filter>
    </ClInclude>
    <ClInclude Include="Crypto\Blake2BConfigurations\HlpBlake2BIvBuilder.h">
      <Filter>Crypto\Blake2BConfigurations</Filter>
    </ClInclude>
    <ClInclude Include="Crypto\HlpBlake2B.h">
      <Filter>Crypto</Filter>
    </ClInclude>
    <ClInclude Include="Tests\Blake2STestVectors.h">
      <Filter>Tests</Filter>
    </ClInclude>
    <ClInclude Include="Tests\Blake2BTestVectors.h">
      <Filter>Tests</Filter>
    </ClInclude>
    <ClInclude Include="NullDigest\HlpNullDigest.h">
      <Filter>NullDigest</Filter>
    </ClInclude>
    <ClInclude Include="Tests\NullDigestTest.h">
      <Filter>Tests</Filter>
    </ClInclude>
    <ClInclude Include="HashLib4CPP.h">
      <Filter>Source Files</Filter>
    </ClInclude>
  </ItemGroup>
  <ItemGroup>
    <ClCompile Include="HashFactoryApp.cpp">
      <Filter>Source Files</Filter>
    </ClCompile>
  </ItemGroup>
  <ItemGroup>
    <None Include="README.md" />
  </ItemGroup>
</Project>